
Microsoft Visual Studio Solution File, Format Version 12.00
# Visual Studio 14
VisualStudioVersion = 14.0.25420.1
MinimumVisualStudioVersion = 10.0.40219.1
Project("{FAE04EC0-301F-11D3-BF4B-00C04F79EFBC}") = "RTU_WaterData", "RTU_WaterData\RTU_WaterData.csproj", "{1F1FF8F1-6702-4A59-9661-5C157E837A22}"
EndProject
Project("{FAE04EC0-301F-11D3-BF4B-00C04F79EFBC}") = "RTU_WaterData.Tests", "RTU_WaterData.Tests\RTU_WaterData.Tests.csproj", "{102B7D1F-DD9B-4FC7-BA1A-E4DD6DAA70E2}"
EndProject
Project("{2150E333-8FDC-42A3-9474-1A3956D46DE8}") = "02_UI", "02_UI", "{D11B1543-9A38-4E66-A697-122AEE843A73}"
EndProject
Project("{2150E333-8FDC-42A3-9474-1A3956D46DE8}") = "01 EF Model", "01 EF Model", "{DCBADBE8-0C3F-4970-96F3-48ABBE590EF7}"
EndProject
Project("{2150E333-8FDC-42A3-9474-1A3956D46DE8}") = "02数据库访问层", "02数据库访问层", "{EA80F191-94E9-4660-82BB-E059580B5171}"
EndProject
Project("{2150E333-8FDC-42A3-9474-1A3956D46DE8}") = "03业务逻辑层", "03业务逻辑层", "{226BAB24-4E16-432C-964E-8EB3AC20CB4B}"
EndProject
Project("{FAE04EC0-301F-11D3-BF4B-00C04F79EFBC}") = "WacqIDAL", "WacqIDAL\WacqIDAL.csproj", "{51E9B4A0-5808-42FD-9F8B-16B2A334A2FC}"
EndProject
Project("{FAE04EC0-301F-11D3-BF4B-00C04F79EFBC}") = "WacqDAL", "WacqDAL\WacqDAL.csproj", "{BECC1B1A-C4E9-4AE7-A922-68FE19D528B9}"
EndProject
Project("{FAE04EC0-301F-11D3-BF4B-00C04F79EFBC}") = "WacqDalFactory", "WacqDalFactory\WacqDalFactory.csproj", "{2A1C062E-3758-4A23-8497-FF85314040C7}"
EndProject
Project("{FAE04EC0-301F-11D3-BF4B-00C04F79EFBC}") = "WacqIBLL", "WacqIBLL\WacqIBLL.csproj", "{D308D1E7-10A4-4C87-90FF-495A2C3E57CF}"
EndProject
Project("{FAE04EC0-301F-11D3-BF4B-00C04F79EFBC}") = "WacqBLL", "WacqBLL\WacqBLL.csproj", "{653535A2-3CFD-49B8-AEC5-3244A6C8854F}"
EndProject
Project("{2150E333-8FDC-42A3-9474-1A3956D46DE8}") = "01抽象工厂", "01抽象工厂", "{08F90B65-CC29-4E60-88A4-D421842CDFD1}"
EndProject
Project("{2150E333-8FDC-42A3-9474-1A3956D46DE8}") = "02业务工厂", "02业务工厂", "{38D24A4A-8444-4FF5-BCCC-AD198FCC486E}"
EndProject
Project("{FAE04EC0-301F-11D3-BF4B-00C04F79EFBC}") = "WacqAbsFactory", "WacqAbsFactory\WacqAbsFactory.csproj", "{B9B09B28-BA02-4B7F-A22D-626FF3B8D8DF}"
EndProject
Project("{FAE04EC0-301F-11D3-BF4B-00C04F79EFBC}") = "WacqBllFactory", "WacqBllFactory\WacqBllFactory.csproj", "{B5BF0AF0-97F2-498C-846B-DB5A35B7D5FD}"
EndProject
Project("{2150E333-8FDC-42A3-9474-1A3956D46DE8}") = "CommonHelper", "CommonHelper", "{D0783081-DA32-4281-9B1E-C6099F86E013}"
EndProject
Project("{FAE04EC0-301F-11D3-BF4B-00C04F79EFBC}") = "Utilities", "Utilities\Utilities.csproj", "{9323B4EA-6CF9-485B-8822-FBBE8B93AC51}"
EndProject
Project("{FAE04EC0-301F-11D3-BF4B-00C04F79EFBC}") = "HandleModel", "HandleModel\HandleModel.csproj", "{512E97B5-6D5A-4935-BE11-551F060382C5}"
EndProject
Project("{2150E333-8FDC-42A3-9474-1A3956D46DE8}") = "01实体层", "01实体层", "{57B56D41-A1FD-4CF9-AE2F-913F52304743}"
EndProject
Global
	GlobalSection(SolutionConfigurationPlatforms) = preSolution
		Debug|Any CPU = Debug|Any CPU
		Release|Any CPU = Release|Any CPU
	EndGlobalSection
	GlobalSection(ProjectConfigurationPlatforms) = postSolution
		{1F1FF8F1-6702-4A59-9661-5C157E837A22}.Debug|Any CPU.ActiveCfg = Debug|Any CPU
		{1F1FF8F1-6702-4A59-9661-5C157E837A22}.Debug|Any CPU.Build.0 = Debug|Any CPU
		{1F1FF8F1-6702-4A59-9661-5C157E837A22}.Release|Any CPU.ActiveCfg = Release|Any CPU
		{1F1FF8F1-6702-4A59-9661-5C157E837A22}.Release|Any CPU.Build.0 = Release|Any CPU
		{102B7D1F-DD9B-4FC7-BA1A-E4DD6DAA70E2}.Debug|Any CPU.ActiveCfg = Debug|Any CPU
		{102B7D1F-DD9B-4FC7-BA1A-E4DD6DAA70E2}.Debug|Any CPU.Build.0 = Debug|Any CPU
		{102B7D1F-DD9B-4FC7-BA1A-E4DD6DAA70E2}.Release|Any CPU.ActiveCfg = Release|Any CPU
		{102B7D1F-DD9B-4FC7-BA1A-E4DD6DAA70E2}.Release|Any CPU.Build.0 = Release|Any CPU
		{51E9B4A0-5808-42FD-9F8B-16B2A334A2FC}.Debug|Any CPU.ActiveCfg = Debug|Any CPU
		{51E9B4A0-5808-42FD-9F8B-16B2A334A2FC}.Debug|Any CPU.Build.0 = Debug|Any CPU
		{51E9B4A0-5808-42FD-9F8B-16B2A334A2FC}.Release|Any CPU.ActiveCfg = Release|Any CPU
		{51E9B4A0-5808-42FD-9F8B-16B2A334A2FC}.Release|Any CPU.Build.0 = Release|Any CPU
		{BECC1B1A-C4E9-4AE7-A922-68FE19D528B9}.Debug|Any CPU.ActiveCfg = Debug|Any CPU
		{BECC1B1A-C4E9-4AE7-A922-68FE19D528B9}.Debug|Any CPU.Build.0 = Debug|Any CPU
		{BECC1B1A-C4E9-4AE7-A922-68FE19D528B9}.Release|Any CPU.ActiveCfg = Release|Any CPU
		{BECC1B1A-C4E9-4AE7-A922-68FE19D528B9}.Release|Any CPU.Build.0 = Release|Any CPU
		{2A1C062E-3758-4A23-8497-FF85314040C7}.Debug|Any CPU.ActiveCfg = Debug|Any CPU
		{2A1C062E-3758-4A23-8497-FF85314040C7}.Debug|Any CPU.Build.0 = Debug|Any CPU
		{2A1C062E-3758-4A23-8497-FF85314040C7}.Release|Any CPU.ActiveCfg = Release|Any CPU
		{2A1C062E-3758-4A23-8497-FF85314040C7}.Release|Any CPU.Build.0 = Release|Any CPU
		{D308D1E7-10A4-4C87-90FF-495A2C3E57CF}.Debug|Any CPU.ActiveCfg = Debug|Any CPU
		{D308D1E7-10A4-4C87-90FF-495A2C3E57CF}.Debug|Any CPU.Build.0 = Debug|Any CPU
		{D308D1E7-10A4-4C87-90FF-495A2C3E57CF}.Release|Any CPU.ActiveCfg = Release|Any CPU
		{D308D1E7-10A4-4C87-90FF-495A2C3E57CF}.Release|Any CPU.Build.0 = Release|Any CPU
		{653535A2-3CFD-49B8-AEC5-3244A6C8854F}.Debug|Any CPU.ActiveCfg = Debug|Any CPU
		{653535A2-3CFD-49B8-AEC5-3244A6C8854F}.Debug|Any CPU.Build.0 = Debug|Any CPU
		{653535A2-3CFD-49B8-AEC5-3244A6C8854F}.Release|Any CPU.ActiveCfg = Release|Any CPU
		{653535A2-3CFD-49B8-AEC5-3244A6C8854F}.Release|Any CPU.Build.0 = Release|Any CPU
		{B9B09B28-BA02-4B7F-A22D-626FF3B8D8DF}.Debug|Any CPU.ActiveCfg = Debug|Any CPU
		{B9B09B28-BA02-4B7F-A22D-626FF3B8D8DF}.Debug|Any CPU.Build.0 = Debug|Any CPU
		{B9B09B28-BA02-4B7F-A22D-626FF3B8D8DF}.Release|Any CPU.ActiveCfg = Release|Any CPU
		{B9B09B28-BA02-4B7F-A22D-626FF3B8D8DF}.Release|Any CPU.Build.0 = Release|Any CPU
		{B5BF0AF0-97F2-498C-846B-DB5A35B7D5FD}.Debug|Any CPU.ActiveCfg = Debug|Any CPU
		{B5BF0AF0-97F2-498C-846B-DB5A35B7D5FD}.Debug|Any CPU.Build.0 = Debug|Any CPU
		{B5BF0AF0-97F2-498C-846B-DB5A35B7D5FD}.Release|Any CPU.ActiveCfg = Release|Any CPU
		{B5BF0AF0-97F2-498C-846B-DB5A35B7D5FD}.Release|Any CPU.Build.0 = Release|Any CPU
		{9323B4EA-6CF9-485B-8822-FBBE8B93AC51}.Debug|Any CPU.ActiveCfg = Debug|Any CPU
		{9323B4EA-6CF9-485B-8822-FBBE8B93AC51}.Debug|Any CPU.Build.0 = Debug|Any CPU
		{9323B4EA-6CF9-485B-8822-FBBE8B93AC51}.Release|Any CPU.ActiveCfg = Release|Any CPU
		{9323B4EA-6CF9-485B-8822-FBBE8B93AC51}.Release|Any CPU.Build.0 = Release|Any CPU
		{512E97B5-6D5A-4935-BE11-551F060382C5}.Debug|Any CPU.ActiveCfg = Debug|Any CPU
		{512E97B5-6D5A-4935-BE11-551F060382C5}.Debug|Any CPU.Build.0 = Debug|Any CPU
		{512E97B5-6D5A-4935-BE11-551F060382C5}.Release|Any CPU.ActiveCfg = Release|Any CPU
		{512E97B5-6D5A-4935-BE11-551F060382C5}.Release|Any CPU.Build.0 = Release|Any CPU
	EndGlobalSection
	GlobalSection(SolutionProperties) = preSolution
		HideSolutionNode = FALSE
	EndGlobalSection
	GlobalSection(NestedProjects) = preSolution
		{1F1FF8F1-6702-4A59-9661-5C157E837A22} = {D11B1543-9A38-4E66-A697-122AEE843A73}
		{EA80F191-94E9-4660-82BB-E059580B5171} = {DCBADBE8-0C3F-4970-96F3-48ABBE590EF7}
		{226BAB24-4E16-432C-964E-8EB3AC20CB4B} = {DCBADBE8-0C3F-4970-96F3-48ABBE590EF7}
		{51E9B4A0-5808-42FD-9F8B-16B2A334A2FC} = {EA80F191-94E9-4660-82BB-E059580B5171}
		{BECC1B1A-C4E9-4AE7-A922-68FE19D528B9} = {EA80F191-94E9-4660-82BB-E059580B5171}
		{2A1C062E-3758-4A23-8497-FF85314040C7} = {EA80F191-94E9-4660-82BB-E059580B5171}
		{D308D1E7-10A4-4C87-90FF-495A2C3E57CF} = {226BAB24-4E16-432C-964E-8EB3AC20CB4B}
		{653535A2-3CFD-49B8-AEC5-3244A6C8854F} = {226BAB24-4E16-432C-964E-8EB3AC20CB4B}
		{08F90B65-CC29-4E60-88A4-D421842CDFD1} = {226BAB24-4E16-432C-964E-8EB3AC20CB4B}
		{38D24A4A-8444-4FF5-BCCC-AD198FCC486E} = {226BAB24-4E16-432C-964E-8EB3AC20CB4B}
		{B9B09B28-BA02-4B7F-A22D-626FF3B8D8DF} = {08F90B65-CC29-4E60-88A4-D421842CDFD1}
		{B5BF0AF0-97F2-498C-846B-DB5A35B7D5FD} = {38D24A4A-8444-4FF5-BCCC-AD198FCC486E}
		{D0783081-DA32-4281-9B1E-C6099F86E013} = {DCBADBE8-0C3F-4970-96F3-48ABBE590EF7}
		{9323B4EA-6CF9-485B-8822-FBBE8B93AC51} = {D0783081-DA32-4281-9B1E-C6099F86E013}
		{512E97B5-6D5A-4935-BE11-551F060382C5} = {57B56D41-A1FD-4CF9-AE2F-913F52304743}
		{57B56D41-A1FD-4CF9-AE2F-913F52304743} = {DCBADBE8-0C3F-4970-96F3-48ABBE590EF7}
	EndGlobalSection
EndGlobal
